
Microsoft Visual Studio Solution File, Format Version 12.00
# Visual Studio 15
VisualStudioVersion = 15.0.28307.902
MinimumVisualStudioVersion = 10.0.40219.1
Project("{FAE04EC0-301F-11D3-BF4B-00C04F79EFBC}") = "WindowsFormsApp5", "WindowsFormsApp5\WindowsFormsApp5.csproj", "{770C154A-6026-49DD-B0EA-D885BE85699E}"
EndProject
Global
	GlobalSection(SolutionConfigurationPlatforms) = preSolution
		Debug|Any CPU = Debug|Any CPU
		Release|Any CPU = Release|Any CPU
	EndGlobalSection
	GlobalSection(ProjectConfigurationPlatforms) = postSolution
		{770C154A-6026-49DD-B0EA-D885BE85699E}.Debug|Any CPU.ActiveCfg = Debug|Any CPU
		{770C154A-6026-49DD-B0EA-D885BE85699E}.Debug|Any CPU.Build.0 = Debug|Any CPU
		{770C154A-6026-49DD-B0EA-D885BE85699E}.Release|Any CPU.ActiveCfg = Release|Any CPU
		{770C154A-6026-49DD-B0EA-D885BE85699E}.Release|Any CPU.Build.0 = Release|Any CPU
	EndGlobalSection
	GlobalSection(SolutionProperties) = preSolution
		HideSolutionNode = FALSE
	EndGlobalSection
	GlobalSection(ExtensibilityGlobals) = postSolution
		SolutionGuid = {AB6F00F2-E27F-474C-82FA-F46F50D67523}
	EndGlobalSection
EndGlobal
